
Microsoft Visual Studio Solution File, Format Version 12.00
# Visual Studio Version 17
VisualStudioVersion = 17.2.32602.215
MinimumVisualStudioVersion = 10.0.40219.1
Project("{FAE04EC0-301F-11D3-BF4B-00C04F79EFBC}") = "DiceRoller", "DiceRoller\DiceRoller.csproj", "{F90BB77C-4958-4B84-BA3C-40A00220A690}"
EndProject
Global
	GlobalSection(SolutionConfigurationPlatforms) = preSolution
		Debug|Any CPU = Debug|Any CPU
		Release|Any CPU = Release|Any CPU
	EndGlobalSection
	GlobalSection(ProjectConfigurationPlatforms) = postSolution
		{F90BB77C-4958-4B84-BA3C-40A00220A690}.Debug|Any CPU.ActiveCfg = Debug|Any CPU
		{F90BB77C-4958-4B84-BA3C-40A00220A690}.Debug|Any CPU.Build.0 = Debug|Any CPU
		{F90BB77C-4958-4B84-BA3C-40A00220A690}.Release|Any CPU.ActiveCfg = Release|Any CPU
		{F90BB77C-4958-4B84-BA3C-40A00220A690}.Release|Any CPU.Build.0 = Release|Any CPU
	EndGlobalSection
	GlobalSection(SolutionProperties) = preSolution
		HideSolutionNode = FALSE
	EndGlobalSection
	GlobalSection(ExtensibilityGlobals) = postSolution
		SolutionGuid = {091D5DA0-9ACB-4228-B9B2-242F72E795F2}
	EndGlobalSection
EndGlobal
